// !$*UTF8*$!
{
	archiveVersion = 1;
	classes = {
	};
	objectVersion = 77;
	objects = {

/* Begin PBXBuildFile section */
		030EAB73DED596CB0BA20F1D /* ChatView.swift in Sources */ = {isa = PBXBuildFile; fileRef = 344516F0243473D20A7D8C8C /* ChatView.swift */; };
		082449A153B3AB3254F4942F /* DocumentsViewModel.swift in Sources */ = {isa = PBXBuildFile; fileRef = 51984069D3ED00CEDEA26B78 /* DocumentsViewModel.swift */; };
		12CAFF2212CB9DDC30AA44D4 /* HearthButton.swift in Sources */ = {isa = PBXBuildFile; fileRef = 5D13E91C8F48290878E5C386 /* HearthButton.swift */; };
		12D9F0AACD5B4A4D32A5E264 /* StatusBadge.swift in Sources */ = {isa = PBXBuildFile; fileRef = 0AB0F06146DFB3EF1D159CDF /* StatusBadge.swift */; };
		17B3613E09E957F555D69E68 /* SuggestionChips.swift in Sources */ = {isa = PBXBuildFile; fileRef = AB4504D789BCA1AA870DFA83 /* SuggestionChips.swift */; };
		2AD942D2361699DEDFB8F7C5 /* ConnectionsViewModel.swift in Sources */ = {isa = PBXBuildFile; fileRef = 6A8AE83C7D0361CC02AF5A82 /* ConnectionsViewModel.swift */; };
		2BCB642D1B334674ABD76405 /* Guest.swift in Sources */ = {isa = PBXBuildFile; fileRef = C13A6D4C6E55200DD77A249E /* Guest.swift */; };
		3253596E11C04A8BCB6EA422 /* HouseholdSetupView.swift in Sources */ = {isa = PBXBuildFile; fileRef = CE3D7F4ED477BB3A9D6AC4EA /* HouseholdSetupView.swift */; };
		34DCE9B015F5FCCF51E170EB /* Suggestion.swift in Sources */ = {isa = PBXBuildFile; fileRef = 270789DC8776F9F1F8983D00 /* Suggestion.swift */; };
		34ED59C4E0B7AF817BB55A52 /* AccessRevokedView.swift in Sources */ = {isa = PBXBuildFile; fileRef = 3D3DA8695C636234B1C9F517 /* AccessRevokedView.swift */; };
		3A0811009ACF47A3F8B97C80 /* APIClient.swift in Sources */ = {isa = PBXBuildFile; fileRef = BE4EE6D15E820ECB1A26F3A3 /* APIClient.swift */; };
		4565B3C4B04CCF46099501B9 /* Connection.swift in Sources */ = {isa = PBXBuildFile; fileRef = D2EE14D81019E0E37D8489D8 /* Connection.swift */; };
		478389D01867D92F82315E53 /* ProgressDots.swift in Sources */ = {isa = PBXBuildFile; fileRef = 70C443F691027605AC072729 /* ProgressDots.swift */; };
		4A49FA39AE916008A6E3F830 /* OwnerPreviewView.swift in Sources */ = {isa = PBXBuildFile; fileRef = ACB03D07BB9EF9F7E63B840F /* OwnerPreviewView.swift */; };
		5083441DA7742299EF84AB81 /* SSEClient.swift in Sources */ = {isa = PBXBuildFile; fileRef = FDD098C398E3401F959D0287 /* SSEClient.swift */; };
		52E8F72D0B9D0D7A5FA42471 /* KeychainService.swift in Sources */ = {isa = PBXBuildFile; fileRef = EDD84A7F97E32C1775351C2C /* KeychainService.swift */; };
		5E6D6335D619725F1A7B0005 /* WelcomeView.swift in Sources */ = {isa = PBXBuildFile; fileRef = EDFF0389459109EAA5A09A74 /* WelcomeView.swift */; };
		61688CC2624117D0895B5BC9 /* GuestListView.swift in Sources */ = {isa = PBXBuildFile; fileRef = 88AA192FF5FDDE7224F434FC /* GuestListView.swift */; };
		6AEF81B92627FEB704C7EA2C /* SourceDocumentView.swift in Sources */ = {isa = PBXBuildFile; fileRef = FBD36E61ABE11EF9988D51C7 /* SourceDocumentView.swift */; };
		7108A78F317AA431BA9F0046 /* VerifyCodeView.swift in Sources */ = {isa = PBXBuildFile; fileRef = 722C9536F2D45780DDF60666 /* VerifyCodeView.swift */; };
		74BC707D374A562F4E350157 /* AuthViewModel.swift in Sources */ = {isa = PBXBuildFile; fileRef = 6C0D3E61418EA2173420116F /* AuthViewModel.swift */; };
		7AE242FCB26AB450761EA112 /* ConnectDocsView.swift in Sources */ = {isa = PBXBuildFile; fileRef = 066D70BA714F154CA16063BD /* ConnectDocsView.swift */; };
		7B07E3ACE9272D7FA428DC25 /* HearthTextField.swift in Sources */ = {isa = PBXBuildFile; fileRef = 27683AA32579AAAA8D655960 /* HearthTextField.swift */; };
		8207F2214F4F1B1DEC1360FF /* HearthstoneApp.swift in Sources */ = {isa = PBXBuildFile; fileRef = 637898B473FDD1C99019571D /* HearthstoneApp.swift */; };
		8A5DA70B1A534E9699E50363 /* AddGuestView.swift in Sources */ = {isa = PBXBuildFile; fileRef = 1D01C211535289B4F0A07CE9 /* AddGuestView.swift */; };
		91D2682B4D7AA463A931E8B3 /* MessageBubble.swift in Sources */ = {isa = PBXBuildFile; fileRef = 35B54811E9568D04E41E1D40 /* MessageBubble.swift */; };
		B0B35FEFC16C499171256985 /* ChatViewModel.swift in Sources */ = {isa = PBXBuildFile; fileRef = BC47B1DB3BC3C8AEB9CB62E2 /* ChatViewModel.swift */; };
		B11C65BF6167E93105F0E182 /* Document.swift in Sources */ = {isa = PBXBuildFile; fileRef = C8FC1D2FA013BB586A464ADA /* Document.swift */; };
		B2C3D4E5F60123456789AB01 /* PINEntryView.swift in Sources */ = {isa = PBXBuildFile; fileRef = A1B2C3D4E5F601234567890A /* PINEntryView.swift */; };
		AA05000000000000000005B1 /* QRScannerView.swift in Sources */ = {isa = PBXBuildFile; fileRef = AA05000000000000000005A1 /* QRScannerView.swift */; };
		AA06000000000000000006B1 /* InviteOwnerView.swift in Sources */ = {isa = PBXBuildFile; fileRef = AA06000000000000000006A1 /* InviteOwnerView.swift */; };
		B2C3D4E5F6A7B8C9D0E1F2A3 /* DriveFilePickerViewModel.swift in Sources */ = {isa = PBXBuildFile; fileRef = A1B2C3D4E5F6A7B8C9D0E1F2 /* DriveFilePickerViewModel.swift */; };
		B3C7012EC5EE28B776AB5C3F /* ChatMessage.swift in Sources */ = {isa = PBXBuildFile; fileRef = F54456FA5D506B133989EEAD /* ChatMessage.swift */; };
		BEA9C2F91F8B43EBB78DC21C /* DriveFile.swift in Sources */ = {isa = PBXBuildFile; fileRef = 7E20C4A529634EF4AA4FA796 /* DriveFile.swift */; };
		C2B9FF563F53803629F0D4B3 /* DashboardViewModel.swift in Sources */ = {isa = PBXBuildFile; fileRef = 7508202142FDC4B09A8F1239 /* DashboardViewModel.swift */; };
		CB814B680110FA221E81687B /* Theme.swift in Sources */ = {isa = PBXBuildFile; fileRef = 911D8BD2218D321FFACC6783 /* Theme.swift */; };
		CE52493836C4597D23E0D480 /* Household.swift in Sources */ = {isa = PBXBuildFile; fileRef = 6281E5FF7DCC0E72163CE472 /* Household.swift */; };
		D4E5F6A7B8C9D0E1F2A3B4C5 /* DriveFilePickerView.swift in Sources */ = {isa = PBXBuildFile; fileRef = C3D4E5F6A7B8C9D0E1F2A3B4 /* DriveFilePickerView.swift */; };
		D78164B826CC21F981D31847 /* Person.swift in Sources */ = {isa = PBXBuildFile; fileRef = FB09FB0849CA8E2DCA07AED5 /* Person.swift */; };
		E2F3A4B5C6D7E8F9A0B1C2D3 /* GuestPINView.swift in Sources */ = {isa = PBXBuildFile; fileRef = F3A8B2C1D4E5F6A7B8C9D0E1 /* GuestPINView.swift */; };
		F23F482C8426F52978B49299 /* DashboardView.swift in Sources */ = {isa = PBXBuildFile; fileRef = B6664253F4BA2C390AB56D00 /* DashboardView.swift */; };
		F33BDECE29CD924BC3776F49 /* InviteErrorView.swift in Sources */ = {isa = PBXBuildFile; fileRef = 1CFFD695DB89CD17DF3B96C1 /* InviteErrorView.swift */; };
		FBDCAA2BF756B5DD7B198BC4 /* GuestListViewModel.swift in Sources */ = {isa = PBXBuildFile; fileRef = CA7AF9F5111428B104E32108 /* GuestListViewModel.swift */; };
		AAAA000000000000000000C1 /* Assets.xcassets in Resources */ = {isa = PBXBuildFile; fileRef = AAAA000000000000000000A1 /* Assets.xcassets */; };
		AA01000000000000000001B1 /* HouseSession.swift in Sources */ = {isa = PBXBuildFile; fileRef = AA01000000000000000001A1 /* HouseSession.swift */; };
		AA02000000000000000002B1 /* SessionStore.swift in Sources */ = {isa = PBXBuildFile; fileRef = AA02000000000000000002A1 /* SessionStore.swift */; };
		AA03000000000000000003B1 /* SidebarOverlay.swift in Sources */ = {isa = PBXBuildFile; fileRef = AA03000000000000000003A1 /* SidebarOverlay.swift */; };
		AA04000000000000000004B1 /* SidebarView.swift in Sources */ = {isa = PBXBuildFile; fileRef = AA04000000000000000004A1 /* SidebarView.swift */; };
		AA07000000000000000007B1 /* GuestDocumentsView.swift in Sources */ = {isa = PBXBuildFile; fileRef = AA07000000000000000007A1 /* GuestDocumentsView.swift */; };
/* End PBXBuildFile section */

/* Begin PBXFileReference section */
		AAAA000000000000000000A1 /* Assets.xcassets */ = {isa = PBXFileReference; lastKnownFileType = folder.assetcatalog; path = Assets.xcassets; sourceTree = "<group>"; };
		066D70BA714F154CA16063BD /* ConnectDocsView.swift */ = {isa = PBXFileReference; lastKnownFileType = sourcecode.swift; path = ConnectDocsView.swift; sourceTree = "<group>"; };
		0AB0F06146DFB3EF1D159CDF /* StatusBadge.swift */ = {isa = PBXFileReference; lastKnownFileType = sourcecode.swift; path = StatusBadge.swift; sourceTree = "<group>"; };
		1CFFD695DB89CD17DF3B96C1 /* InviteErrorView.swift */ = {isa = PBXFileReference; lastKnownFileType = sourcecode.swift; path = InviteErrorView.swift; sourceTree = "<group>"; };
		1D01C211535289B4F0A07CE9 /* AddGuestView.swift */ = {isa = PBXFileReference; lastKnownFileType = sourcecode.swift; path = AddGuestView.swift; sourceTree = "<group>"; };
		270789DC8776F9F1F8983D00 /* Suggestion.swift */ = {isa = PBXFileReference; lastKnownFileType = sourcecode.swift; path = Suggestion.swift; sourceTree = "<group>"; };
		27683AA32579AAAA8D655960 /* HearthTextField.swift */ = {isa = PBXFileReference; lastKnownFileType = sourcecode.swift; path = HearthTextField.swift; sourceTree = "<group>"; };
		344516F0243473D20A7D8C8C /* ChatView.swift */ = {isa = PBXFileReference; lastKnownFileType = sourcecode.swift; path = ChatView.swift; sourceTree = "<group>"; };
		35B54811E9568D04E41E1D40 /* MessageBubble.swift */ = {isa = PBXFileReference; lastKnownFileType = sourcecode.swift; path = MessageBubble.swift; sourceTree = "<group>"; };
		3D3DA8695C636234B1C9F517 /* AccessRevokedView.swift */ = {isa = PBXFileReference; lastKnownFileType = sourcecode.swift; path = AccessRevokedView.swift; sourceTree = "<group>"; };
		51984069D3ED00CEDEA26B78 /* DocumentsViewModel.swift */ = {isa = PBXFileReference; lastKnownFileType = sourcecode.swift; path = DocumentsViewModel.swift; sourceTree = "<group>"; };
		5D13E91C8F48290878E5C386 /* HearthButton.swift */ = {isa = PBXFileReference; lastKnownFileType = sourcecode.swift; path = HearthButton.swift; sourceTree = "<group>"; };
		6281E5FF7DCC0E72163CE472 /* Household.swift */ = {isa = PBXFileReference; lastKnownFileType = sourcecode.swift; path = Household.swift; sourceTree = "<group>"; };
		637898B473FDD1C99019571D /* HearthstoneApp.swift */ = {isa = PBXFileReference; lastKnownFileType = sourcecode.swift; path = HearthstoneApp.swift; sourceTree = "<group>"; };
		6A8AE83C7D0361CC02AF5A82 /* ConnectionsViewModel.swift */ = {isa = PBXFileReference; lastKnownFileType = sourcecode.swift; path = ConnectionsViewModel.swift; sourceTree = "<group>"; };
		6C0D3E61418EA2173420116F /* AuthViewModel.swift */ = {isa = PBXFileReference; lastKnownFileType = sourcecode.swift; path = AuthViewModel.swift; sourceTree = "<group>"; };
		70C443F691027605AC072729 /* ProgressDots.swift */ = {isa = PBXFileReference; lastKnownFileType = sourcecode.swift; path = ProgressDots.swift; sourceTree = "<group>"; };
		722C9536F2D45780DDF60666 /* VerifyCodeView.swift */ = {isa = PBXFileReference; lastKnownFileType = sourcecode.swift; path = VerifyCodeView.swift; sourceTree = "<group>"; };
		7508202142FDC4B09A8F1239 /* DashboardViewModel.swift */ = {isa = PBXFileReference; lastKnownFileType = sourcecode.swift; path = DashboardViewModel.swift; sourceTree = "<group>"; };
		7E20C4A529634EF4AA4FA796 /* DriveFile.swift */ = {isa = PBXFileReference; lastKnownFileType = sourcecode.swift; path = DriveFile.swift; sourceTree = "<group>"; };
		88AA192FF5FDDE7224F434FC /* GuestListView.swift */ = {isa = PBXFileReference; lastKnownFileType = sourcecode.swift; path = GuestListView.swift; sourceTree = "<group>"; };
		911D8BD2218D321FFACC6783 /* Theme.swift */ = {isa = PBXFileReference; lastKnownFileType = sourcecode.swift; path = Theme.swift; sourceTree = "<group>"; };
		A1B2C3D4E5F601234567890A /* PINEntryView.swift */ = {isa = PBXFileReference; lastKnownFileType = sourcecode.swift; path = PINEntryView.swift; sourceTree = "<group>"; };
		AA05000000000000000005A1 /* QRScannerView.swift */ = {isa = PBXFileReference; lastKnownFileType = sourcecode.swift; path = QRScannerView.swift; sourceTree = "<group>"; };
		A1B2C3D4E5F6A7B8C9D0E1F2 /* DriveFilePickerViewModel.swift */ = {isa = PBXFileReference; lastKnownFileType = sourcecode.swift; path = DriveFilePickerViewModel.swift; sourceTree = "<group>"; };
		A575226351EBD6A26DB29462 /* Hearthstone.app */ = {isa = PBXFileReference; explicitFileType = wrapper.application; includeInIndex = 0; path = Hearthstone.app; sourceTree = BUILT_PRODUCTS_DIR; };
		AB4504D789BCA1AA870DFA83 /* SuggestionChips.swift */ = {isa = PBXFileReference; lastKnownFileType = sourcecode.swift; path = SuggestionChips.swift; sourceTree = "<group>"; };
		ACB03D07BB9EF9F7E63B840F /* OwnerPreviewView.swift */ = {isa = PBXFileReference; lastKnownFileType = sourcecode.swift; path = OwnerPreviewView.swift; sourceTree = "<group>"; };
		B6664253F4BA2C390AB56D00 /* DashboardView.swift */ = {isa = PBXFileReference; lastKnownFileType = sourcecode.swift; path = DashboardView.swift; sourceTree = "<group>"; };
		BC47B1DB3BC3C8AEB9CB62E2 /* ChatViewModel.swift */ = {isa = PBXFileReference; lastKnownFileType = sourcecode.swift; path = ChatViewModel.swift; sourceTree = "<group>"; };
		BE4EE6D15E820ECB1A26F3A3 /* APIClient.swift */ = {isa = PBXFileReference; lastKnownFileType = sourcecode.swift; path = APIClient.swift; sourceTree = "<group>"; };
		C13A6D4C6E55200DD77A249E /* Guest.swift */ = {isa = PBXFileReference; lastKnownFileType = sourcecode.swift; path = Guest.swift; sourceTree = "<group>"; };
		C3D4E5F6A7B8C9D0E1F2A3B4 /* DriveFilePickerView.swift */ = {isa = PBXFileReference; lastKnownFileType = sourcecode.swift; path = DriveFilePickerView.swift; sourceTree = "<group>"; };
		C8FC1D2FA013BB586A464ADA /* Document.swift */ = {isa = PBXFileReference; lastKnownFileType = sourcecode.swift; path = Document.swift; sourceTree = "<group>"; };
		CA7AF9F5111428B104E32108 /* GuestListViewModel.swift */ = {isa = PBXFileReference; lastKnownFileType = sourcecode.swift; path = GuestListViewModel.swift; sourceTree = "<group>"; };
		CE3D7F4ED477BB3A9D6AC4EA /* HouseholdSetupView.swift */ = {isa = PBXFileReference; lastKnownFileType = sourcecode.swift; path = HouseholdSetupView.swift; sourceTree = "<group>"; };
		D2EE14D81019E0E37D8489D8 /* Connection.swift */ = {isa = PBXFileReference; lastKnownFileType = sourcecode.swift; path = Connection.swift; sourceTree = "<group>"; };
		EDD84A7F97E32C1775351C2C /* KeychainService.swift */ = {isa = PBXFileReference; lastKnownFileType = sourcecode.swift; path = KeychainService.swift; sourceTree = "<group>"; };
		EDFF0389459109EAA5A09A74 /* WelcomeView.swift */ = {isa = PBXFileReference; lastKnownFileType = sourcecode.swift; path = WelcomeView.swift; sourceTree = "<group>"; };
		F3A8B2C1D4E5F6A7B8C9D0E1 /* GuestPINView.swift */ = {isa = PBXFileReference; lastKnownFileType = sourcecode.swift; path = GuestPINView.swift; sourceTree = "<group>"; };
		F54456FA5D506B133989EEAD /* ChatMessage.swift */ = {isa = PBXFileReference; lastKnownFileType = sourcecode.swift; path = ChatMessage.swift; sourceTree = "<group>"; };
		FB09FB0849CA8E2DCA07AED5 /* Person.swift */ = {isa = PBXFileReference; lastKnownFileType = sourcecode.swift; path = Person.swift; sourceTree = "<group>"; };
		FBD36E61ABE11EF9988D51C7 /* SourceDocumentView.swift */ = {isa = PBXFileReference; lastKnownFileType = sourcecode.swift; path = SourceDocumentView.swift; sourceTree = "<group>"; };
		FDD098C398E3401F959D0287 /* SSEClient.swift */ = {isa = PBXFileReference; lastKnownFileType = sourcecode.swift; path = SSEClient.swift; sourceTree = "<group>"; };
		AA01000000000000000001A1 /* HouseSession.swift */ = {isa = PBXFileReference; lastKnownFileType = sourcecode.swift; path = HouseSession.swift; sourceTree = "<group>"; };
		AA02000000000000000002A1 /* SessionStore.swift */ = {isa = PBXFileReference; lastKnownFileType = sourcecode.swift; path = SessionStore.swift; sourceTree = "<group>"; };
		AA03000000000000000003A1 /* SidebarOverlay.swift */ = {isa = PBXFileReference; lastKnownFileType = sourcecode.swift; path = SidebarOverlay.swift; sourceTree = "<group>"; };
		AA04000000000000000004A1 /* SidebarView.swift */ = {isa = PBXFileReference; lastKnownFileType = sourcecode.swift; path = SidebarView.swift; sourceTree = "<group>"; };
		AA06000000000000000006A1 /* InviteOwnerView.swift */ = {isa = PBXFileReference; lastKnownFileType = sourcecode.swift; path = InviteOwnerView.swift; sourceTree = "<group>"; };
		AA07000000000000000007A1 /* GuestDocumentsView.swift */ = {isa = PBXFileReference; lastKnownFileType = sourcecode.swift; path = GuestDocumentsView.swift; sourceTree = "<group>"; };
/* End PBXFileReference section */

/* Begin PBXGroup section */
		2DD1377B1F07C7D952599FDE /* Guest */ = {
			isa = PBXGroup;
			children = (
				344516F0243473D20A7D8C8C /* ChatView.swift */,
				AA07000000000000000007A1 /* GuestDocumentsView.swift */,
				35B54811E9568D04E41E1D40 /* MessageBubble.swift */,
				FBD36E61ABE11EF9988D51C7 /* SourceDocumentView.swift */,
				AB4504D789BCA1AA870DFA83 /* SuggestionChips.swift */,
			);
			path = Guest;
			sourceTree = "<group>";
		};
		44719FC759FFF6F26627A94F /* Models */ = {
			isa = PBXGroup;
			children = (
				AA01000000000000000001A1 /* HouseSession.swift */,
				F54456FA5D506B133989EEAD /* ChatMessage.swift */,
				D2EE14D81019E0E37D8489D8 /* Connection.swift */,
				C8FC1D2FA013BB586A464ADA /* Document.swift */,
				7E20C4A529634EF4AA4FA796 /* DriveFile.swift */,
				C13A6D4C6E55200DD77A249E /* Guest.swift */,
				6281E5FF7DCC0E72163CE472 /* Household.swift */,
				FB09FB0849CA8E2DCA07AED5 /* Person.swift */,
				270789DC8776F9F1F8983D00 /* Suggestion.swift */,
			);
			path = Models;
			sourceTree = "<group>";
		};
		5F71BAB7E589469F9937F1F8 /* Auth */ = {
			isa = PBXGroup;
			children = (
				CE3D7F4ED477BB3A9D6AC4EA /* HouseholdSetupView.swift */,
				A1B2C3D4E5F601234567890A /* PINEntryView.swift */,
				AA05000000000000000005A1 /* QRScannerView.swift */,
				722C9536F2D45780DDF60666 /* VerifyCodeView.swift */,
				EDFF0389459109EAA5A09A74 /* WelcomeView.swift */,
			);
			path = Auth;
			sourceTree = "<group>";
		};
		62AD092CBB8F22CF69E65C16 = {
			isa = PBXGroup;
			children = (
				D7D02EC4CBF6936A156D910A /* Hearthstone */,
				AEB7C14F6E1916A879FCEDCD /* Products */,
			);
			sourceTree = "<group>";
		};
		80C7D14F2641BE29E81C0F0F /* Owner */ = {
			isa = PBXGroup;
			children = (
				1D01C211535289B4F0A07CE9 /* AddGuestView.swift */,
				066D70BA714F154CA16063BD /* ConnectDocsView.swift */,
				F3A8B2C1D4E5F6A7B8C9D0E1 /* GuestPINView.swift */,
				B6664253F4BA2C390AB56D00 /* DashboardView.swift */,
				C3D4E5F6A7B8C9D0E1F2A3B4 /* DriveFilePickerView.swift */,
				88AA192FF5FDDE7224F434FC /* GuestListView.swift */,
				AA06000000000000000006A1 /* InviteOwnerView.swift */,
				ACB03D07BB9EF9F7E63B840F /* OwnerPreviewView.swift */,
			);
			path = Owner;
			sourceTree = "<group>";
		};
		87EA53A62C2A6230095B9F4A /* Services */ = {
			isa = PBXGroup;
			children = (
				BE4EE6D15E820ECB1A26F3A3 /* APIClient.swift */,
				EDD84A7F97E32C1775351C2C /* KeychainService.swift */,
				AA02000000000000000002A1 /* SessionStore.swift */,
				FDD098C398E3401F959D0287 /* SSEClient.swift */,
			);
			path = Services;
			sourceTree = "<group>";
		};
		8C6E244EBD885739B4347098 /* Views */ = {
			isa = PBXGroup;
			children = (
				5F71BAB7E589469F9937F1F8 /* Auth */,
				CEB97A1B2F0ADF3F181D426A /* Components */,
				A459DE1678F3C75DB4D72E23 /* Error */,
				2DD1377B1F07C7D952599FDE /* Guest */,
				80C7D14F2641BE29E81C0F0F /* Owner */,
				AA03000000000000000003C1 /* Sidebar */,
			);
			path = Views;
			sourceTree = "<group>";
		};
		AA03000000000000000003C1 /* Sidebar */ = {
			isa = PBXGroup;
			children = (
				AA03000000000000000003A1 /* SidebarOverlay.swift */,
				AA04000000000000000004A1 /* SidebarView.swift */,
			);
			path = Sidebar;
			sourceTree = "<group>";
		};
		A459DE1678F3C75DB4D72E23 /* Error */ = {
			isa = PBXGroup;
			children = (
				3D3DA8695C636234B1C9F517 /* AccessRevokedView.swift */,
				1CFFD695DB89CD17DF3B96C1 /* InviteErrorView.swift */,
			);
			path = Error;
			sourceTree = "<group>";
		};
		ACD1C48E0DFDB8C9E306BCCA /* ViewModels */ = {
			isa = PBXGroup;
			children = (
				6C0D3E61418EA2173420116F /* AuthViewModel.swift */,
				BC47B1DB3BC3C8AEB9CB62E2 /* ChatViewModel.swift */,
				6A8AE83C7D0361CC02AF5A82 /* ConnectionsViewModel.swift */,
				7508202142FDC4B09A8F1239 /* DashboardViewModel.swift */,
				51984069D3ED00CEDEA26B78 /* DocumentsViewModel.swift */,
				A1B2C3D4E5F6A7B8C9D0E1F2 /* DriveFilePickerViewModel.swift */,
				CA7AF9F5111428B104E32108 /* GuestListViewModel.swift */,
			);
			path = ViewModels;
			sourceTree = "<group>";
		};
		AEB7C14F6E1916A879FCEDCD /* Products */ = {
			isa = PBXGroup;
			children = (
				A575226351EBD6A26DB29462 /* Hearthstone.app */,
			);
			name = Products;
			sourceTree = "<group>";
		};
		CEB97A1B2F0ADF3F181D426A /* Components */ = {
			isa = PBXGroup;
			children = (
				5D13E91C8F48290878E5C386 /* HearthButton.swift */,
				27683AA32579AAAA8D655960 /* HearthTextField.swift */,
				70C443F691027605AC072729 /* ProgressDots.swift */,
				0AB0F06146DFB3EF1D159CDF /* StatusBadge.swift */,
			);
			path = Components;
			sourceTree = "<group>";
		};
		D7D02EC4CBF6936A156D910A /* Hearthstone */ = {
			isa = PBXGroup;
			children = (
				AAAA000000000000000000A1 /* Assets.xcassets */,
				637898B473FDD1C99019571D /* HearthstoneApp.swift */,
				911D8BD2218D321FFACC6783 /* Theme.swift */,
				44719FC759FFF6F26627A94F /* Models */,
				87EA53A62C2A6230095B9F4A /* Services */,
				ACD1C48E0DFDB8C9E306BCCA /* ViewModels */,
				8C6E244EBD885739B4347098 /* Views */,
			);
			path = Hearthstone;
			sourceTree = "<group>";
		};
/* End PBXGroup section */

/* Begin PBXNativeTarget section */
		692C824668CB4F155CA7E89D /* Hearthstone */ = {
			isa = PBXNativeTarget;
			buildConfigurationList = 94C60E79FEAD4D9BC638D355 /* Build configuration list for PBXNativeTarget "Hearthstone" */;
			buildPhases = (
				A9AEE2E4C834B54F8B1F854E /* Sources */,
				AAAA000000000000000000B1 /* Resources */,
			);
			buildRules = (
			);
			dependencies = (
			);
			name = Hearthstone;
			packageProductDependencies = (
			);
			productName = Hearthstone;
			productReference = A575226351EBD6A26DB29462 /* Hearthstone.app */;
			productType = "com.apple.product-type.application";
		};
/* End PBXNativeTarget section */

/* Begin PBXProject section */
		995654A2CB7BC473422AA502 /* Project object */ = {
			isa = PBXProject;
			attributes = {
				BuildIndependentTargetsInParallel = YES;
				LastUpgradeCheck = 1600;
			};
			buildConfigurationList = 87EAF25010B3FE0562708450 /* Build configuration list for PBXProject "Hearthstone" */;
			developmentRegion = en;
			hasScannedForEncodings = 0;
			knownRegions = (
				Base,
				en,
			);
			mainGroup = 62AD092CBB8F22CF69E65C16;
			minimizedProjectReferenceProxies = 1;
			preferredProjectObjectVersion = 77;
			productRefGroup = AEB7C14F6E1916A879FCEDCD /* Products */;
			projectDirPath = "";
			projectRoot = "";
			targets = (
				692C824668CB4F155CA7E89D /* Hearthstone */,
			);
		};
/* End PBXProject section */

/* Begin PBXResourcesBuildPhase section */
		AAAA000000000000000000B1 /* Resources */ = {
			isa = PBXResourcesBuildPhase;
			buildActionMask = 2147483647;
			files = (
				AAAA000000000000000000C1 /* Assets.xcassets in Resources */,
			);
			runOnlyForDeploymentPostprocessing = 0;
		};
/* End PBXResourcesBuildPhase section */

/* Begin PBXSourcesBuildPhase section */
		A9AEE2E4C834B54F8B1F854E /* Sources */ = {
			isa = PBXSourcesBuildPhase;
			buildActionMask = 2147483647;
			files = (
				3A0811009ACF47A3F8B97C80 /* APIClient.swift in Sources */,
				34ED59C4E0B7AF817BB55A52 /* AccessRevokedView.swift in Sources */,
				8A5DA70B1A534E9699E50363 /* AddGuestView.swift in Sources */,
				74BC707D374A562F4E350157 /* AuthViewModel.swift in Sources */,
				B3C7012EC5EE28B776AB5C3F /* ChatMessage.swift in Sources */,
				030EAB73DED596CB0BA20F1D /* ChatView.swift in Sources */,
				B0B35FEFC16C499171256985 /* ChatViewModel.swift in Sources */,
				7AE242FCB26AB450761EA112 /* ConnectDocsView.swift in Sources */,
				4565B3C4B04CCF46099501B9 /* Connection.swift in Sources */,
				2AD942D2361699DEDFB8F7C5 /* ConnectionsViewModel.swift in Sources */,
				F23F482C8426F52978B49299 /* DashboardView.swift in Sources */,
				C2B9FF563F53803629F0D4B3 /* DashboardViewModel.swift in Sources */,
				B11C65BF6167E93105F0E182 /* Document.swift in Sources */,
				BEA9C2F91F8B43EBB78DC21C /* DriveFile.swift in Sources */,
				082449A153B3AB3254F4942F /* DocumentsViewModel.swift in Sources */,
				B2C3D4E5F6A7B8C9D0E1F2A3 /* DriveFilePickerViewModel.swift in Sources */,
				D4E5F6A7B8C9D0E1F2A3B4C5 /* DriveFilePickerView.swift in Sources */,
				2BCB642D1B334674ABD76405 /* Guest.swift in Sources */,
				AA07000000000000000007B1 /* GuestDocumentsView.swift in Sources */,
				61688CC2624117D0895B5BC9 /* GuestListView.swift in Sources */,
				FBDCAA2BF756B5DD7B198BC4 /* GuestListViewModel.swift in Sources */,
				E2F3A4B5C6D7E8F9A0B1C2D3 /* GuestPINView.swift in Sources */,
				12CAFF2212CB9DDC30AA44D4 /* HearthButton.swift in Sources */,
				7B07E3ACE9272D7FA428DC25 /* HearthTextField.swift in Sources */,
				8207F2214F4F1B1DEC1360FF /* HearthstoneApp.swift in Sources */,
				CE52493836C4597D23E0D480 /* Household.swift in Sources */,
				3253596E11C04A8BCB6EA422 /* HouseholdSetupView.swift in Sources */,
				F33BDECE29CD924BC3776F49 /* InviteErrorView.swift in Sources */,
				AA06000000000000000006B1 /* InviteOwnerView.swift in Sources */,
				AA01000000000000000001B1 /* HouseSession.swift in Sources */,
				52E8F72D0B9D0D7A5FA42471 /* KeychainService.swift in Sources */,
				AA02000000000000000002B1 /* SessionStore.swift in Sources */,
				91D2682B4D7AA463A931E8B3 /* MessageBubble.swift in Sources */,
				4A49FA39AE916008A6E3F830 /* OwnerPreviewView.swift in Sources */,
				D78164B826CC21F981D31847 /* Person.swift in Sources */,
				478389D01867D92F82315E53 /* ProgressDots.swift in Sources */,
				5083441DA7742299EF84AB81 /* SSEClient.swift in Sources */,
				6AEF81B92627FEB704C7EA2C /* SourceDocumentView.swift in Sources */,
				12D9F0AACD5B4A4D32A5E264 /* StatusBadge.swift in Sources */,
				34DCE9B015F5FCCF51E170EB /* Suggestion.swift in Sources */,
				17B3613E09E957F555D69E68 /* SuggestionChips.swift in Sources */,
				CB814B680110FA221E81687B /* Theme.swift in Sources */,
				7108A78F317AA431BA9F0046 /* VerifyCodeView.swift in Sources */,
				5E6D6335D619725F1A7B0005 /* WelcomeView.swift in Sources */,
				B2C3D4E5F60123456789AB01 /* PINEntryView.swift in Sources */,
				AA05000000000000000005B1 /* QRScannerView.swift in Sources */,
				AA03000000000000000003B1 /* SidebarOverlay.swift in Sources */,
				AA04000000000000000004B1 /* SidebarView.swift in Sources */,
			);
			runOnlyForDeploymentPostprocessing = 0;
		};
/* End PBXSourcesBuildPhase section */

/* Begin XCBuildConfiguration section */
		5463955541625D85C153BE79 /* Release */ = {
			isa = XCBuildConfiguration;
			buildSettings = {
				ALWAYS_SEARCH_USER_PATHS = NO;
				CLANG_ANALYZER_NONNULL = YES;
				CLANG_ANALYZER_NUMBER_OBJECT_CONVERSION = YES_AGGRESSIVE;
				CLANG_CXX_LANGUAGE_STANDARD = "gnu++14";
				CLANG_CXX_LIBRARY = "libc++";
				CLANG_ENABLE_MODULES = YES;
				CLANG_ENABLE_OBJC_ARC = YES;
				CLANG_ENABLE_OBJC_WEAK = YES;
				CLANG_WARN_BLOCK_CAPTURE_AUTORELEASING = YES;
				CLANG_WARN_BOOL_CONVERSION = YES;
				CLANG_WARN_COMMA = YES;
				CLANG_WARN_CONSTANT_CONVERSION = YES;
				CLANG_WARN_DEPRECATED_OBJC_IMPLEMENTATIONS = YES;
				CLANG_WARN_DIRECT_OBJC_ISA_USAGE = YES_ERROR;
				CLANG_WARN_DOCUMENTATION_COMMENTS = YES;
				CLANG_WARN_EMPTY_BODY = YES;
				CLANG_WARN_ENUM_CONVERSION = YES;
				CLANG_WARN_INFINITE_RECURSION = YES;
				CLANG_WARN_INT_CONVERSION = YES;
				CLANG_WARN_NON_LITERAL_NULL_CONVERSION = YES;
				CLANG_WARN_OBJC_IMPLICIT_RETAIN_SELF = YES;
				CLANG_WARN_OBJC_LITERAL_CONVERSION = YES;
				CLANG_WARN_OBJC_ROOT_CLASS = YES_ERROR;
				CLANG_WARN_QUOTED_INCLUDE_IN_FRAMEWORK_HEADER = YES;
				CLANG_WARN_RANGE_LOOP_ANALYSIS = YES;
				CLANG_WARN_STRICT_PROTOTYPES = YES;
				CLANG_WARN_SUSPICIOUS_MOVE = YES;
				CLANG_WARN_UNGUARDED_AVAILABILITY = YES_AGGRESSIVE;
				CLANG_WARN_UNREACHABLE_CODE = YES;
				CLANG_WARN__DUPLICATE_METHOD_MATCH = YES;
				COPY_PHASE_STRIP = NO;
				DEBUG_INFORMATION_FORMAT = "dwarf-with-dsym";
				ENABLE_NS_ASSERTIONS = NO;
				ENABLE_STRICT_OBJC_MSGSEND = YES;
				GCC_C_LANGUAGE_STANDARD = gnu11;
				GCC_NO_COMMON_BLOCKS = YES;
				GCC_WARN_64_TO_32_BIT_CONVERSION = YES;
				GCC_WARN_ABOUT_RETURN_TYPE = YES_ERROR;
				GCC_WARN_UNDECLARED_SELECTOR = YES;
				GCC_WARN_UNINITIALIZED_AUTOS = YES_AGGRESSIVE;
				GCC_WARN_UNUSED_FUNCTION = YES;
				GCC_WARN_UNUSED_VARIABLE = YES;
				IPHONEOS_DEPLOYMENT_TARGET = 17.0;
				MTL_ENABLE_DEBUG_INFO = NO;
				MTL_FAST_MATH = YES;
				PRODUCT_NAME = "$(TARGET_NAME)";
				SDKROOT = iphoneos;
				SWIFT_COMPILATION_MODE = wholemodule;
				SWIFT_OPTIMIZATION_LEVEL = "-O";
				SWIFT_VERSION = 5.9;
				TARGETED_DEVICE_FAMILY = 1;
			};
			name = Release;
		};
		5C96A06938EC3344E637B8A2 /* Debug */ = {
			isa = XCBuildConfiguration;
			buildSettings = {
				ASSETCATALOG_COMPILER_APPICON_NAME = AppIcon;
				CODE_SIGN_IDENTITY = "iPhone Developer";
				CURRENT_PROJECT_VERSION = 1;
				DEVELOPMENT_TEAM = V335W4S58A;
				GENERATE_INFOPLIST_FILE = YES;
				INFOPLIST_FILE = Hearthstone/Info.plist;
				INFOPLIST_KEY_UILaunchScreen_Generation = YES;
				INFOPLIST_KEY_UISupportedInterfaceOrientations = UIInterfaceOrientationPortrait;
				LD_RUNPATH_SEARCH_PATHS = (
					"$(inherited)",
					"@executable_path/Frameworks",
				);
				MARKETING_VERSION = 0.1.0;
				PRODUCT_BUNDLE_IDENTIFIER = app.hearthstone.ios;
				SDKROOT = iphoneos;
				TARGETED_DEVICE_FAMILY = 1;
			};
			name = Debug;
		};
		68195C07E420A7C72B18CC5E /* Debug */ = {
			isa = XCBuildConfiguration;
			buildSettings = {
				ALWAYS_SEARCH_USER_PATHS = NO;
				CLANG_ANALYZER_NONNULL = YES;
				CLANG_ANALYZER_NUMBER_OBJECT_CONVERSION = YES_AGGRESSIVE;
				CLANG_CXX_LANGUAGE_STANDARD = "gnu++14";
				CLANG_CXX_LIBRARY = "libc++";
				CLANG_ENABLE_MODULES = YES;
				CLANG_ENABLE_OBJC_ARC = YES;
				CLANG_ENABLE_OBJC_WEAK = YES;
				CLANG_WARN_BLOCK_CAPTURE_AUTORELEASING = YES;
				CLANG_WARN_BOOL_CONVERSION = YES;
				CLANG_WARN_COMMA = YES;
				CLANG_WARN_CONSTANT_CONVERSION = YES;
				CLANG_WARN_DEPRECATED_OBJC_IMPLEMENTATIONS = YES;
				CLANG_WARN_DIRECT_OBJC_ISA_USAGE = YES_ERROR;
				CLANG_WARN_DOCUMENTATION_COMMENTS = YES;
				CLANG_WARN_EMPTY_BODY = YES;
				CLANG_WARN_ENUM_CONVERSION = YES;
				CLANG_WARN_INFINITE_RECURSION = YES;
				CLANG_WARN_INT_CONVERSION = YES;
				CLANG_WARN_NON_LITERAL_NULL_CONVERSION = YES;
				CLANG_WARN_OBJC_IMPLICIT_RETAIN_SELF = YES;
				CLANG_WARN_OBJC_LITERAL_CONVERSION = YES;
				CLANG_WARN_OBJC_ROOT_CLASS = YES_ERROR;
				CLANG_WARN_QUOTED_INCLUDE_IN_FRAMEWORK_HEADER = YES;
				CLANG_WARN_RANGE_LOOP_ANALYSIS = YES;
				CLANG_WARN_STRICT_PROTOTYPES = YES;
				CLANG_WARN_SUSPICIOUS_MOVE = YES;
				CLANG_WARN_UNGUARDED_AVAILABILITY = YES_AGGRESSIVE;
				CLANG_WARN_UNREACHABLE_CODE = YES;
				CLANG_WARN__DUPLICATE_METHOD_MATCH = YES;
				COPY_PHASE_STRIP = NO;
				DEBUG_INFORMATION_FORMAT = dwarf;
				ENABLE_STRICT_OBJC_MSGSEND = YES;
				ENABLE_TESTABILITY = YES;
				GCC_C_LANGUAGE_STANDARD = gnu11;
				GCC_DYNAMIC_NO_PIC = NO;
				GCC_NO_COMMON_BLOCKS = YES;
				GCC_OPTIMIZATION_LEVEL = 0;
				GCC_PREPROCESSOR_DEFINITIONS = (
					"$(inherited)",
					"DEBUG=1",
				);
				GCC_WARN_64_TO_32_BIT_CONVERSION = YES;
				GCC_WARN_ABOUT_RETURN_TYPE = YES_ERROR;
				GCC_WARN_UNDECLARED_SELECTOR = YES;
				GCC_WARN_UNINITIALIZED_AUTOS = YES_AGGRESSIVE;
				GCC_WARN_UNUSED_FUNCTION = YES;
				GCC_WARN_UNUSED_VARIABLE = YES;
				IPHONEOS_DEPLOYMENT_TARGET = 17.0;
				MTL_ENABLE_DEBUG_INFO = INCLUDE_SOURCE;
				MTL_FAST_MATH = YES;
				ONLY_ACTIVE_ARCH = YES;
				PRODUCT_NAME = "$(TARGET_NAME)";
				SDKROOT = iphoneos;
				SWIFT_ACTIVE_COMPILATION_CONDITIONS = DEBUG;
				SWIFT_OPTIMIZATION_LEVEL = "-Onone";
				SWIFT_VERSION = 5.9;
				TARGETED_DEVICE_FAMILY = 1;
			};
			name = Debug;
		};
		F109C126AD2B5113B43A2729 /* Release */ = {
			isa = XCBuildConfiguration;
			buildSettings = {
				ASSETCATALOG_COMPILER_APPICON_NAME = AppIcon;
				CODE_SIGN_IDENTITY = "iPhone Developer";
				CURRENT_PROJECT_VERSION = 1;
				DEVELOPMENT_TEAM = V335W4S58A;
				GENERATE_INFOPLIST_FILE = YES;
				INFOPLIST_FILE = Hearthstone/Info.plist;
				INFOPLIST_KEY_UILaunchScreen_Generation = YES;
				INFOPLIST_KEY_UISupportedInterfaceOrientations = UIInterfaceOrientationPortrait;
				LD_RUNPATH_SEARCH_PATHS = (
					"$(inherited)",
					"@executable_path/Frameworks",
				);
				MARKETING_VERSION = 0.1.0;
				PRODUCT_BUNDLE_IDENTIFIER = app.hearthstone.ios;
				SDKROOT = iphoneos;
				TARGETED_DEVICE_FAMILY = 1;
			};
			name = Release;
		};
/* End XCBuildConfiguration section */

/* Begin XCConfigurationList section */
		87EAF25010B3FE0562708450 /* Build configuration list for PBXProject "Hearthstone" */ = {
			isa = XCConfigurationList;
			buildConfigurations = (
				68195C07E420A7C72B18CC5E /* Debug */,
				5463955541625D85C153BE79 /* Release */,
			);
			defaultConfigurationIsVisible = 0;
			defaultConfigurationName = Debug;
		};
		94C60E79FEAD4D9BC638D355 /* Build configuration list for PBXNativeTarget "Hearthstone" */ = {
			isa = XCConfigurationList;
			buildConfigurations = (
				5C96A06938EC3344E637B8A2 /* Debug */,
				F109C126AD2B5113B43A2729 /* Release */,
			);
			defaultConfigurationIsVisible = 0;
			defaultConfigurationName = Debug;
		};
/* End XCConfigurationList section */
	};
	rootObject = 995654A2CB7BC473422AA502 /* Project object */;
}
